{
  "name": "javascript-sdk-examples",
  "version": "1.0.0",
  "lockfileVersion": 3,
  "requires": true,
  "packages": {
    "": {
      "name": "javascript-sdk-examples",
      "version": "1.0.0",
      "dependencies": {
        "@io-orkes/conductor-javascript": "0.9.1"
      }
    },
    "node_modules/@io-orkes/conductor-javascript": {
      "version": "0.9.1",
      "resolved": "https://registry.npmjs.org/@io-orkes/conductor-javascript/-/conductor-javascript-0.9.1.tgz",
      "integrity": "sha512-Xw2keQuPf9cx0bcNy1pwpVlKP0UBfB0QnZHAL77Am8zgQBZduhzb44Q3m+F8VZZpNGCSPoTNgUI+1rfVZT93eQ==",
      "engines": {
        "node": ">=18"
      }
    }
  }
}
