# THIS IS AN AUTOGENERATED FILE. DO NOT EDIT THIS FILE DIRECTLY.
# yarn lockfile v1


"@io-orkes/conductor-javascript@1.1.0":
  version "1.1.0"
  resolved "https://registry.yarnpkg.com/@io-orkes/conductor-javascript/-/conductor-javascript-1.1.0.tgz#1e58bbb62a0184b04c099553dcd70473accefe22"
  integrity sha512-7GrvJkMIc0OasCUls/L9qgpuHRHAeXJPgvhqKHmnRpH1hXo3CZLQP31eDo0/79pcxB17ggbHuaCoqJKBpSTI2w==
  dependencies:
    uuid "^9.0.0"

uuid@^9.0.0:
  version "9.0.0"
  resolved "https://registry.yarnpkg.com/uuid/-/uuid-9.0.0.tgz#592f550650024a38ceb0c562f2f6aa435761efb5"
  integrity sha512-MXcSTerfPa4uqyzStbRoTgt5XIe3x5+42+q1sDuy3R5MDk66URdLMOZe5aPX/SQd+kuYAh0FdP/pO28IkQyTeg==
